
Microsoft Visual Studio Solution File, Format Version 12.00
# Visual Studio 14
VisualStudioVersion = 14.0.25420.1
MinimumVisualStudioVersion = 10.0.40219.1
Project("{2150E333-8FDC-42A3-9474-1A3956D46DE8}") = "Chapter06_Drawing_in_Direct3D", "Chapter06_Drawing_in_Direct3D", "{DDC45B92-EF5A-49B9-98BA-7B38A6B988AB}"
EndProject
Project("{2150E333-8FDC-42A3-9474-1A3956D46DE8}") = "Chapter07_Lighting", "Chapter07_Lighting", "{7FE9BF9C-091F-410A-A5D4-2F1C42ECEAC3}"
EndProject
Project("{8BC9CEB8-8B4A-11D0-8D11-00A0C91BC942}") = "Appendix2_Win32", "Appendix\Appendix2_Win32\Appendix2_Win32.vcxproj", "{621D24FF-23B1-459F-894A-7901CEBE873E}"
EndProject
Project("{2150E333-8FDC-42A3-9474-1A3956D46DE8}") = "Appendix", "Appendix", "{C1DC1719-C46A-4C2E-8619-8D656E0DD8FE}"
EndProject
Project("{2150E333-8FDC-42A3-9474-1A3956D46DE8}") = "Chapter08_Texturing", "Chapter08_Texturing", "{B2FB83D2-5A34-4643-9221-70B370313404}"
EndProject
Project("{8BC9CEB8-8B4A-11D0-8D11-00A0C91BC942}") = "Box", "Chapter06_Drawing_in_Direct3D\Box\Box.vcxproj", "{D9384778-4F4F-4A00-95CB-941756DFFB2B}"
EndProject
Project("{8BC9CEB8-8B4A-11D0-8D11-00A0C91BC942}") = "Hills", "Chapter06_Drawing_in_Direct3D\Hills\Hills.vcxproj", "{15AC389B-B451-41B6-A15E-397CDDAC21DE}"
EndProject
Project("{8BC9CEB8-8B4A-11D0-8D11-00A0C91BC942}") = "Shapes", "Chapter06_Drawing_in_Direct3D\Shapes\Shapes.vcxproj", "{18C1DCC2-6AB4-4E0D-9406-D6EB8E0EFCF4}"
EndProject
Project("{8BC9CEB8-8B4A-11D0-8D11-00A0C91BC942}") = "Skull", "Chapter06_Drawing_in_Direct3D\Skull\Skull.vcxproj", "{823BFFC7-FC33-425B-8472-05275580B9AE}"
EndProject
Project("{8BC9CEB8-8B4A-11D0-8D11-00A0C91BC942}") = "Waves", "Chapter06_Drawing_in_Direct3D\Waves\Waves.vcxproj", "{72F4141E-F638-492F-9921-F8776A05998A}"
EndProject
Project("{8BC9CEB8-8B4A-11D0-8D11-00A0C91BC942}") = "Lighting", "Chapter07_Lighting\Lighting\Lighting.vcxproj", "{CB8940C0-8802-4032-8007-E657C4BF1F3B}"
EndProject
Project("{8BC9CEB8-8B4A-11D0-8D11-00A0C91BC942}") = "Crate", "Chapter08_Texturing\Crate\Crate.vcxproj", "{A8C68820-5947-4636-B7F6-D4AB5B653FD9}"
EndProject
Project("{2150E333-8FDC-42A3-9474-1A3956D46DE8}") = "Chapter09_Blending", "Chapter09_Blending", "{E7D0B72C-0D94-4393-BE1D-14B2BFA36340}"
EndProject
Project("{8BC9CEB8-8B4A-11D0-8D11-00A0C91BC942}") = "BlendDemo", "Chapter09_Blending\BlendDemo\BlendDemo.vcxproj", "{6CCE9500-FCC5-4430-BC97-4E3B2B62471F}"
EndProject
Project("{2150E333-8FDC-42A3-9474-1A3956D46DE8}") = "Chapter10_Stenciling", "Chapter10_Stenciling", "{F5FAD41D-7048-4B69-BA15-7F69CBE67833}"
EndProject
Project("{8BC9CEB8-8B4A-11D0-8D11-00A0C91BC942}") = "Mirror", "Chapter10_Stenciling\Mirror\Mirror.vcxproj", "{CE1F8292-E174-4370-AE42-66EA534B66B7}"
EndProject
Project("{2150E333-8FDC-42A3-9474-1A3956D46DE8}") = "Chapter11_The_Geometry_Shader", "Chapter11_The_Geometry_Shader", "{00560BCD-BE8B-43C9-ABB4-A9C97F919250}"
EndProject
Project("{8BC9CEB8-8B4A-11D0-8D11-00A0C91BC942}") = "TreeBillboard", "Chapter11_The_Geometry_Shader\TreeBillboard\TreeBillboard.vcxproj", "{9339C170-7B1A-4C63-A89E-A708D8E76641}"
EndProject
Project("{2150E333-8FDC-42A3-9474-1A3956D46DE8}") = "Chapter12_The_Compute_Shader", "Chapter12_The_Compute_Shader", "{30DF22BE-92B4-4EBD-AB5B-5DA6E74F451D}"
EndProject
Project("{8BC9CEB8-8B4A-11D0-8D11-00A0C91BC942}") = "Blur", "Chapter12_The_Compute_Shader\Blur\Blur.vcxproj", "{DC3ADBAD-C914-450F-B437-E7C97B83CD99}"
EndProject
Project("{8BC9CEB8-8B4A-11D0-8D11-00A0C91BC942}") = "VecAdd", "Chapter12_The_Compute_Shader\VecAdd\VecAdd.vcxproj", "{DE6DC720-3902-48EA-83B3-72FB14F703BB}"
EndProject
Project("{2150E333-8FDC-42A3-9474-1A3956D46DE8}") = "Chapter13_The_Tessellation_Stages", "Chapter13_The_Tessellation_Stages", "{F9C5C400-2E2F-405A-B9EB-3C68AEC1C031}"
EndProject
Project("{8BC9CEB8-8B4A-11D0-8D11-00A0C91BC942}") = "BasicTessellation", "Chapter13_The_Tessellation_Stages\BasicTessellation\BasicTessellation.vcxproj", "{C96F8D7B-DC9B-4409-A51E-B8B6A9C26217}"
EndProject
Project("{8BC9CEB8-8B4A-11D0-8D11-00A0C91BC942}") = "BezierPatch", "Chapter13_The_Tessellation_Stages\BezierPatch\BezierPatch.vcxproj", "{8EE4A0E8-D79E-4C21-9361-B75FA88744D8}"
EndProject
Project("{2150E333-8FDC-42A3-9474-1A3956D46DE8}") = "Chapter14_Building_a_First_Person_Camera", "Chapter14_Building_a_First_Person_Camera", "{2FB23A7A-1B1E-41E2-9BE1-5FBF1B9FEFB4}"
EndProject
Project("{8BC9CEB8-8B4A-11D0-8D11-00A0C91BC942}") = "Camera", "Chapter14_Building_a_First_Person_Camera\Camera\Camera.vcxproj", "{168F7E96-B6C7-404F-9A0D-177959D96846}"
EndProject
Project("{2150E333-8FDC-42A3-9474-1A3956D46DE8}") = "Chapter15_Instancing_and_Frustum_Culling", "Chapter15_Instancing_and_Frustum_Culling", "{E4CF442D-E376-46C0-952D-C323D03B4D5B}"
EndProject
Project("{8BC9CEB8-8B4A-11D0-8D11-00A0C91BC942}") = "InstancingAndCulling", "Chapter15_Instancing_and_Frustum_Culling\InstancingAndCulling\InstancingAndCulling.vcxproj", "{61CDD221-A783-4B99-BF3F-E3BF5A6F1B72}"
EndProject
Project("{2150E333-8FDC-42A3-9474-1A3956D46DE8}") = "Chapter16_Picking", "Chapter16_Picking", "{1D167DCD-9FDD-4878-BEC2-7C54F6F83DF5}"
EndProject
Project("{8BC9CEB8-8B4A-11D0-8D11-00A0C91BC942}") = "Picking", "Chapter16_Picking\Picking\Picking.vcxproj", "{3088F6D5-37C9-4D39-A42B-8E38639C2A04}"
EndProject
Project("{2150E333-8FDC-42A3-9474-1A3956D46DE8}") = "Chapter17_Cube_Mapping", "Chapter17_Cube_Mapping", "{5BFDD2C4-0620-448D-B960-183EBD291502}"
EndProject
Project("{8BC9CEB8-8B4A-11D0-8D11-00A0C91BC942}") = "CubeMap", "Chapter17_Cube_Mapping\CubeMap\CubeMap.vcxproj", "{54C34A64-CE2E-40F9-9198-2585091C3639}"
EndProject
Project("{8BC9CEB8-8B4A-11D0-8D11-00A0C91BC942}") = "DynamicCubeMap", "Chapter17_Cube_Mapping\DynamicCubeMap\DynamicCubeMap.vcxproj", "{E2FFB426-4E62-4670-AE3C-C59DB2024BFB}"
EndProject
Project("{2150E333-8FDC-42A3-9474-1A3956D46DE8}") = "Chapter18_Normal_and_Displacement_Mapping", "Chapter18_Normal_and_Displacement_Mapping", "{5C8426CF-3C2E-4CAE-A89E-700ACB76F855}"
EndProject
Project("{2150E333-8FDC-42A3-9474-1A3956D46DE8}") = "Part2", "Part2", "{B76B635D-F1C8-4C90-A598-7C42ED4C6750}"
EndProject
Project("{2150E333-8FDC-42A3-9474-1A3956D46DE8}") = "Part3", "Part3", "{4667C50D-73EF-4AB3-A5B8-2A8320B1D103}"
EndProject
Project("{8BC9CEB8-8B4A-11D0-8D11-00A0C91BC942}") = "NormalDisplacementMap", "Chapter18_Normal_and_Displacement_Mapping\NormalDisplacementMap\NormalDisplacementMap.vcxproj", "{CA6CDCBA-D568-4ED4-B077-0C8A419232C6}"
EndProject
Project("{8BC9CEB8-8B4A-11D0-8D11-00A0C91BC942}") = "Terrain", "Chapter19_Terrain_Rendering\Terrain\Terrain.vcxproj", "{26D3B593-0A9F-455C-A4BD-31643F60994D}"
EndProject
Project("{2150E333-8FDC-42A3-9474-1A3956D46DE8}") = "Chapter19_Terrain_Rendering", "Chapter19_Terrain_Rendering", "{470C515C-1215-4511-86C6-5186C9F4FB83}"
EndProject
Project("{2150E333-8FDC-42A3-9474-1A3956D46DE8}") = "Chapter20_Particle_Systems", "Chapter20_Particle_Systems", "{40678909-E546-48B0-AE67-D77193EF3959}"
EndProject
Project("{8BC9CEB8-8B4A-11D0-8D11-00A0C91BC942}") = "ParticleSystem", "Chapter20_Particle_Systems\ParticleSystem\ParticleSystem.vcxproj", "{979A6689-4F8D-4324-BDF0-C7322FE43640}"
EndProject
Project("{2150E333-8FDC-42A3-9474-1A3956D46DE8}") = "Chapter21_Shadow_Mapping", "Chapter21_Shadow_Mapping", "{CBFB99C6-3F44-4654-9260-DF91C035C619}"
EndProject
Project("{8BC9CEB8-8B4A-11D0-8D11-00A0C91BC942}") = "Shadows", "Chapter21_Shadow_Mapping\Shadows\Shadows.vcxproj", "{3F7BA6AE-4D84-45B6-9B12-A8CF689F2F51}"
EndProject
Project("{2150E333-8FDC-42A3-9474-1A3956D46DE8}") = "Chapter22_Ambient_Occlusion", "Chapter22_Ambient_Occlusion", "{C663111D-29D6-4C3F-B53C-49C8096FAF6D}"
EndProject
Project("{8BC9CEB8-8B4A-11D0-8D11-00A0C91BC942}") = "AmbientOcclusion", "Chapter22_Ambient_Occlusion\AmbientOcclusion\AmbientOcclusion.vcxproj", "{6FECDEC7-DF6C-4551-8276-8ED923F6A232}"
EndProject
Project("{8BC9CEB8-8B4A-11D0-8D11-00A0C91BC942}") = "Ssao", "Chapter22_Ambient_Occlusion\Ssao\Ssao.vcxproj", "{DA673502-C2B4-40BF-85B8-CA9139B33F54}"
EndProject
Project("{2150E333-8FDC-42A3-9474-1A3956D46DE8}") = "Chapter23_Meshes", "Chapter23_Meshes", "{36B2C3DD-8892-42B4-8EA5-3E2BAEA2AA61}"
EndProject
Project("{8BC9CEB8-8B4A-11D0-8D11-00A0C91BC942}") = "MeshView", "Chapter23_Meshes\MeshView\MeshView.vcxproj", "{1906AAE3-6FE9-43B4-A9C9-6BCF792C76A4}"
EndProject
Project("{2150E333-8FDC-42A3-9474-1A3956D46DE8}") = "Chapter24_Quaternions", "Chapter24_Quaternions", "{3D7B0512-BDE9-40AC-A7EE-639582085A04}"
EndProject
Project("{8BC9CEB8-8B4A-11D0-8D11-00A0C91BC942}") = "Quaternions", "Chapter24_Quaternions\Quaternions\Quaternions.vcxproj", "{E05B88AC-F913-43CC-8CEC-D096AABD906E}"
EndProject
Project("{2150E333-8FDC-42A3-9474-1A3956D46DE8}") = "Chapter25_Character_Animation", "Chapter25_Character_Animation", "{6281FB85-70D3-4C4A-B0DB-1D80F91E2C83}"
EndProject
Project("{8BC9CEB8-8B4A-11D0-8D11-00A0C91BC942}") = "SkinnedMesh", "Chapter25_Character_Animation\SkinnedMesh\SkinnedMesh.vcxproj", "{6E12C5CD-4F75-4367-BEB7-72E2F8A1942F}"
EndProject
Project("{8BC9CEB8-8B4A-11D0-8D11-00A0C91BC942}") = "TexturedHillsAndWaves", "Chapter08_Texturing\TexturedHillsAndWaves\TexturedHillsAndWaves.vcxproj", "{0498C091-0E67-40CB-A5B6-9E16768F39F7}"
EndProject
Project("{2150E333-8FDC-42A3-9474-1A3956D46DE8}") = "saber_tasks", "saber_tasks", "{D9978BFB-DBFC-495D-8D05-EDC73A29E176}"
EndProject
Project("{8BC9CEB8-8B4A-11D0-8D11-00A0C91BC942}") = "EdgeOfFutureSph", "saber_tasks\edge_of_future_sph\edge_of_future_sph.vcxproj", "{7B0BF78B-75D7-44A5-8331-87DF117F6379}"
EndProject
Global
	GlobalSection(SolutionConfigurationPlatforms) = preSolution
		Debug|x64 = Debug|x64
		Debug|x86 = Debug|x86
		Release|x64 = Release|x64
		Release|x86 = Release|x86
	EndGlobalSection
	GlobalSection(ProjectConfigurationPlatforms) = postSolution
		{621D24FF-23B1-459F-894A-7901CEBE873E}.Debug|x64.ActiveCfg = Debug|x64
		{621D24FF-23B1-459F-894A-7901CEBE873E}.Debug|x64.Build.0 = Debug|x64
		{621D24FF-23B1-459F-894A-7901CEBE873E}.Debug|x86.ActiveCfg = Debug|Win32
		{621D24FF-23B1-459F-894A-7901CEBE873E}.Debug|x86.Build.0 = Debug|Win32
		{621D24FF-23B1-459F-894A-7901CEBE873E}.Release|x64.ActiveCfg = Release|x64
		{621D24FF-23B1-459F-894A-7901CEBE873E}.Release|x64.Build.0 = Release|x64
		{621D24FF-23B1-459F-894A-7901CEBE873E}.Release|x86.ActiveCfg = Release|Win32
		{621D24FF-23B1-459F-894A-7901CEBE873E}.Release|x86.Build.0 = Release|Win32
		{D9384778-4F4F-4A00-95CB-941756DFFB2B}.Debug|x64.ActiveCfg = Debug|x64
		{D9384778-4F4F-4A00-95CB-941756DFFB2B}.Debug|x64.Build.0 = Debug|x64
		{D9384778-4F4F-4A00-95CB-941756DFFB2B}.Debug|x86.ActiveCfg = Debug|Win32
		{D9384778-4F4F-4A00-95CB-941756DFFB2B}.Debug|x86.Build.0 = Debug|Win32
		{D9384778-4F4F-4A00-95CB-941756DFFB2B}.Release|x64.ActiveCfg = Release|x64
		{D9384778-4F4F-4A00-95CB-941756DFFB2B}.Release|x64.Build.0 = Release|x64
		{D9384778-4F4F-4A00-95CB-941756DFFB2B}.Release|x86.ActiveCfg = Release|Win32
		{D9384778-4F4F-4A00-95CB-941756DFFB2B}.Release|x86.Build.0 = Release|Win32
		{15AC389B-B451-41B6-A15E-397CDDAC21DE}.Debug|x64.ActiveCfg = Debug|x64
		{15AC389B-B451-41B6-A15E-397CDDAC21DE}.Debug|x64.Build.0 = Debug|x64
		{15AC389B-B451-41B6-A15E-397CDDAC21DE}.Debug|x86.ActiveCfg = Debug|Win32
		{15AC389B-B451-41B6-A15E-397CDDAC21DE}.Debug|x86.Build.0 = Debug|Win32
		{15AC389B-B451-41B6-A15E-397CDDAC21DE}.Release|x64.ActiveCfg = Release|x64
		{15AC389B-B451-41B6-A15E-397CDDAC21DE}.Release|x64.Build.0 = Release|x64
		{15AC389B-B451-41B6-A15E-397CDDAC21DE}.Release|x86.ActiveCfg = Release|Win32
		{15AC389B-B451-41B6-A15E-397CDDAC21DE}.Release|x86.Build.0 = Release|Win32
		{18C1DCC2-6AB4-4E0D-9406-D6EB8E0EFCF4}.Debug|x64.ActiveCfg = Debug|x64
		{18C1DCC2-6AB4-4E0D-9406-D6EB8E0EFCF4}.Debug|x64.Build.0 = Debug|x64
		{18C1DCC2-6AB4-4E0D-9406-D6EB8E0EFCF4}.Debug|x86.ActiveCfg = Debug|Win32
		{18C1DCC2-6AB4-4E0D-9406-D6EB8E0EFCF4}.Debug|x86.Build.0 = Debug|Win32
		{18C1DCC2-6AB4-4E0D-9406-D6EB8E0EFCF4}.Release|x64.ActiveCfg = Release|x64
		{18C1DCC2-6AB4-4E0D-9406-D6EB8E0EFCF4}.Release|x64.Build.0 = Release|x64
		{18C1DCC2-6AB4-4E0D-9406-D6EB8E0EFCF4}.Release|x86.ActiveCfg = Release|Win32
		{18C1DCC2-6AB4-4E0D-9406-D6EB8E0EFCF4}.Release|x86.Build.0 = Release|Win32
		{823BFFC7-FC33-425B-8472-05275580B9AE}.Debug|x64.ActiveCfg = Debug|x64
		{823BFFC7-FC33-425B-8472-05275580B9AE}.Debug|x64.Build.0 = Debug|x64
		{823BFFC7-FC33-425B-8472-05275580B9AE}.Debug|x86.ActiveCfg = Debug|Win32
		{823BFFC7-FC33-425B-8472-05275580B9AE}.Debug|x86.Build.0 = Debug|Win32
		{823BFFC7-FC33-425B-8472-05275580B9AE}.Release|x64.ActiveCfg = Release|x64
		{823BFFC7-FC33-425B-8472-05275580B9AE}.Release|x64.Build.0 = Release|x64
		{823BFFC7-FC33-425B-8472-05275580B9AE}.Release|x86.ActiveCfg = Release|Win32
		{823BFFC7-FC33-425B-8472-05275580B9AE}.Release|x86.Build.0 = Release|Win32
		{72F4141E-F638-492F-9921-F8776A05998A}.Debug|x64.ActiveCfg = Debug|x64
		{72F4141E-F638-492F-9921-F8776A05998A}.Debug|x64.Build.0 = Debug|x64
		{72F4141E-F638-492F-9921-F8776A05998A}.Debug|x86.ActiveCfg = Debug|Win32
		{72F4141E-F638-492F-9921-F8776A05998A}.Debug|x86.Build.0 = Debug|Win32
		{72F4141E-F638-492F-9921-F8776A05998A}.Release|x64.ActiveCfg = Release|x64
		{72F4141E-F638-492F-9921-F8776A05998A}.Release|x64.Build.0 = Release|x64
		{72F4141E-F638-492F-9921-F8776A05998A}.Release|x86.ActiveCfg = Release|Win32
		{72F4141E-F638-492F-9921-F8776A05998A}.Release|x86.Build.0 = Release|Win32
		{CB8940C0-8802-4032-8007-E657C4BF1F3B}.Debug|x64.ActiveCfg = Debug|x64
		{CB8940C0-8802-4032-8007-E657C4BF1F3B}.Debug|x64.Build.0 = Debug|x64
		{CB8940C0-8802-4032-8007-E657C4BF1F3B}.Debug|x86.ActiveCfg = Debug|Win32
		{CB8940C0-8802-4032-8007-E657C4BF1F3B}.Debug|x86.Build.0 = Debug|Win32
		{CB8940C0-8802-4032-8007-E657C4BF1F3B}.Release|x64.ActiveCfg = Release|x64
		{CB8940C0-8802-4032-8007-E657C4BF1F3B}.Release|x64.Build.0 = Release|x64
		{CB8940C0-8802-4032-8007-E657C4BF1F3B}.Release|x86.ActiveCfg = Release|Win32
		{CB8940C0-8802-4032-8007-E657C4BF1F3B}.Release|x86.Build.0 = Release|Win32
		{A8C68820-5947-4636-B7F6-D4AB5B653FD9}.Debug|x64.ActiveCfg = Debug|x64
		{A8C68820-5947-4636-B7F6-D4AB5B653FD9}.Debug|x64.Build.0 = Debug|x64
		{A8C68820-5947-4636-B7F6-D4AB5B653FD9}.Debug|x86.ActiveCfg = Debug|Win32
		{A8C68820-5947-4636-B7F6-D4AB5B653FD9}.Debug|x86.Build.0 = Debug|Win32
		{A8C68820-5947-4636-B7F6-D4AB5B653FD9}.Release|x64.ActiveCfg = Release|x64
		{A8C68820-5947-4636-B7F6-D4AB5B653FD9}.Release|x64.Build.0 = Release|x64
		{A8C68820-5947-4636-B7F6-D4AB5B653FD9}.Release|x86.ActiveCfg = Release|Win32
		{A8C68820-5947-4636-B7F6-D4AB5B653FD9}.Release|x86.Build.0 = Release|Win32
		{6CCE9500-FCC5-4430-BC97-4E3B2B62471F}.Debug|x64.ActiveCfg = Debug|x64
		{6CCE9500-FCC5-4430-BC97-4E3B2B62471F}.Debug|x64.Build.0 = Debug|x64
		{6CCE9500-FCC5-4430-BC97-4E3B2B62471F}.Debug|x86.ActiveCfg = Debug|Win32
		{6CCE9500-FCC5-4430-BC97-4E3B2B62471F}.Debug|x86.Build.0 = Debug|Win32
		{6CCE9500-FCC5-4430-BC97-4E3B2B62471F}.Release|x64.ActiveCfg = Release|x64
		{6CCE9500-FCC5-4430-BC97-4E3B2B62471F}.Release|x64.Build.0 = Release|x64
		{6CCE9500-FCC5-4430-BC97-4E3B2B62471F}.Release|x86.ActiveCfg = Release|Win32
		{6CCE9500-FCC5-4430-BC97-4E3B2B62471F}.Release|x86.Build.0 = Release|Win32
		{CE1F8292-E174-4370-AE42-66EA534B66B7}.Debug|x64.ActiveCfg = Debug|x64
		{CE1F8292-E174-4370-AE42-66EA534B66B7}.Debug|x64.Build.0 = Debug|x64
		{CE1F8292-E174-4370-AE42-66EA534B66B7}.Debug|x86.ActiveCfg = Debug|Win32
		{CE1F8292-E174-4370-AE42-66EA534B66B7}.Debug|x86.Build.0 = Debug|Win32
		{CE1F8292-E174-4370-AE42-66EA534B66B7}.Release|x64.ActiveCfg = Release|x64
		{CE1F8292-E174-4370-AE42-66EA534B66B7}.Release|x64.Build.0 = Release|x64
		{CE1F8292-E174-4370-AE42-66EA534B66B7}.Release|x86.ActiveCfg = Release|Win32
		{CE1F8292-E174-4370-AE42-66EA534B66B7}.Release|x86.Build.0 = Release|Win32
		{9339C170-7B1A-4C63-A89E-A708D8E76641}.Debug|x64.ActiveCfg = Debug|x64
		{9339C170-7B1A-4C63-A89E-A708D8E76641}.Debug|x64.Build.0 = Debug|x64
		{9339C170-7B1A-4C63-A89E-A708D8E76641}.Debug|x86.ActiveCfg = Debug|Win32
		{9339C170-7B1A-4C63-A89E-A708D8E76641}.Debug|x86.Build.0 = Debug|Win32
		{9339C170-7B1A-4C63-A89E-A708D8E76641}.Release|x64.ActiveCfg = Release|x64
		{9339C170-7B1A-4C63-A89E-A708D8E76641}.Release|x64.Build.0 = Release|x64
		{9339C170-7B1A-4C63-A89E-A708D8E76641}.Release|x86.ActiveCfg = Release|Win32
		{9339C170-7B1A-4C63-A89E-A708D8E76641}.Release|x86.Build.0 = Release|Win32
		{DC3ADBAD-C914-450F-B437-E7C97B83CD99}.Debug|x64.ActiveCfg = Debug|x64
		{DC3ADBAD-C914-450F-B437-E7C97B83CD99}.Debug|x64.Build.0 = Debug|x64
		{DC3ADBAD-C914-450F-B437-E7C97B83CD99}.Debug|x86.ActiveCfg = Debug|Win32
		{DC3ADBAD-C914-450F-B437-E7C97B83CD99}.Debug|x86.Build.0 = Debug|Win32
		{DC3ADBAD-C914-450F-B437-E7C97B83CD99}.Release|x64.ActiveCfg = Release|x64
		{DC3ADBAD-C914-450F-B437-E7C97B83CD99}.Release|x64.Build.0 = Release|x64
		{DC3ADBAD-C914-450F-B437-E7C97B83CD99}.Release|x86.ActiveCfg = Release|Win32
		{DC3ADBAD-C914-450F-B437-E7C97B83CD99}.Release|x86.Build.0 = Release|Win32
		{DE6DC720-3902-48EA-83B3-72FB14F703BB}.Debug|x64.ActiveCfg = Debug|x64
		{DE6DC720-3902-48EA-83B3-72FB14F703BB}.Debug|x64.Build.0 = Debug|x64
		{DE6DC720-3902-48EA-83B3-72FB14F703BB}.Debug|x86.ActiveCfg = Debug|Win32
		{DE6DC720-3902-48EA-83B3-72FB14F703BB}.Debug|x86.Build.0 = Debug|Win32
		{DE6DC720-3902-48EA-83B3-72FB14F703BB}.Release|x64.ActiveCfg = Release|x64
		{DE6DC720-3902-48EA-83B3-72FB14F703BB}.Release|x64.Build.0 = Release|x64
		{DE6DC720-3902-48EA-83B3-72FB14F703BB}.Release|x86.ActiveCfg = Release|Win32
		{DE6DC720-3902-48EA-83B3-72FB14F703BB}.Release|x86.Build.0 = Release|Win32
		{C96F8D7B-DC9B-4409-A51E-B8B6A9C26217}.Debug|x64.ActiveCfg = Debug|x64
		{C96F8D7B-DC9B-4409-A51E-B8B6A9C26217}.Debug|x64.Build.0 = Debug|x64
		{C96F8D7B-DC9B-4409-A51E-B8B6A9C26217}.Debug|x86.ActiveCfg = Debug|Win32
		{C96F8D7B-DC9B-4409-A51E-B8B6A9C26217}.Debug|x86.Build.0 = Debug|Win32
		{C96F8D7B-DC9B-4409-A51E-B8B6A9C26217}.Release|x64.ActiveCfg = Release|x64
		{C96F8D7B-DC9B-4409-A51E-B8B6A9C26217}.Release|x64.Build.0 = Release|x64
		{C96F8D7B-DC9B-4409-A51E-B8B6A9C26217}.Release|x86.ActiveCfg = Release|Win32
		{C96F8D7B-DC9B-4409-A51E-B8B6A9C26217}.Release|x86.Build.0 = Release|Win32
		{8EE4A0E8-D79E-4C21-9361-B75FA88744D8}.Debug|x64.ActiveCfg = Debug|x64
		{8EE4A0E8-D79E-4C21-9361-B75FA88744D8}.Debug|x64.Build.0 = Debug|x64
		{8EE4A0E8-D79E-4C21-9361-B75FA88744D8}.Debug|x86.ActiveCfg = Debug|Win32
		{8EE4A0E8-D79E-4C21-9361-B75FA88744D8}.Debug|x86.Build.0 = Debug|Win32
		{8EE4A0E8-D79E-4C21-9361-B75FA88744D8}.Release|x64.ActiveCfg = Release|x64
		{8EE4A0E8-D79E-4C21-9361-B75FA88744D8}.Release|x64.Build.0 = Release|x64
		{8EE4A0E8-D79E-4C21-9361-B75FA88744D8}.Release|x86.ActiveCfg = Release|Win32
		{8EE4A0E8-D79E-4C21-9361-B75FA88744D8}.Release|x86.Build.0 = Release|Win32
		{168F7E96-B6C7-404F-9A0D-177959D96846}.Debug|x64.ActiveCfg = Debug|x64
		{168F7E96-B6C7-404F-9A0D-177959D96846}.Debug|x64.Build.0 = Debug|x64
		{168F7E96-B6C7-404F-9A0D-177959D96846}.Debug|x86.ActiveCfg = Debug|Win32
		{168F7E96-B6C7-404F-9A0D-177959D96846}.Debug|x86.Build.0 = Debug|Win32
		{168F7E96-B6C7-404F-9A0D-177959D96846}.Release|x64.ActiveCfg = Release|x64
		{168F7E96-B6C7-404F-9A0D-177959D96846}.Release|x64.Build.0 = Release|x64
		{168F7E96-B6C7-404F-9A0D-177959D96846}.Release|x86.ActiveCfg = Release|Win32
		{168F7E96-B6C7-404F-9A0D-177959D96846}.Release|x86.Build.0 = Release|Win32
		{61CDD221-A783-4B99-BF3F-E3BF5A6F1B72}.Debug|x64.ActiveCfg = Debug|x64
		{61CDD221-A783-4B99-BF3F-E3BF5A6F1B72}.Debug|x64.Build.0 = Debug|x64
		{61CDD221-A783-4B99-BF3F-E3BF5A6F1B72}.Debug|x86.ActiveCfg = Debug|Win32
		{61CDD221-A783-4B99-BF3F-E3BF5A6F1B72}.Debug|x86.Build.0 = Debug|Win32
		{61CDD221-A783-4B99-BF3F-E3BF5A6F1B72}.Release|x64.ActiveCfg = Release|x64
		{61CDD221-A783-4B99-BF3F-E3BF5A6F1B72}.Release|x64.Build.0 = Release|x64
		{61CDD221-A783-4B99-BF3F-E3BF5A6F1B72}.Release|x86.ActiveCfg = Release|Win32
		{61CDD221-A783-4B99-BF3F-E3BF5A6F1B72}.Release|x86.Build.0 = Release|Win32
		{3088F6D5-37C9-4D39-A42B-8E38639C2A04}.Debug|x64.ActiveCfg = Debug|x64
		{3088F6D5-37C9-4D39-A42B-8E38639C2A04}.Debug|x64.Build.0 = Debug|x64
		{3088F6D5-37C9-4D39-A42B-8E38639C2A04}.Debug|x86.ActiveCfg = Debug|Win32
		{3088F6D5-37C9-4D39-A42B-8E38639C2A04}.Debug|x86.Build.0 = Debug|Win32
		{3088F6D5-37C9-4D39-A42B-8E38639C2A04}.Release|x64.ActiveCfg = Release|x64
		{3088F6D5-37C9-4D39-A42B-8E38639C2A04}.Release|x64.Build.0 = Release|x64
		{3088F6D5-37C9-4D39-A42B-8E38639C2A04}.Release|x86.ActiveCfg = Release|Win32
		{3088F6D5-37C9-4D39-A42B-8E38639C2A04}.Release|x86.Build.0 = Release|Win32
		{54C34A64-CE2E-40F9-9198-2585091C3639}.Debug|x64.ActiveCfg = Debug|x64
		{54C34A64-CE2E-40F9-9198-2585091C3639}.Debug|x64.Build.0 = Debug|x64
		{54C34A64-CE2E-40F9-9198-2585091C3639}.Debug|x86.ActiveCfg = Debug|Win32
		{54C34A64-CE2E-40F9-9198-2585091C3639}.Debug|x86.Build.0 = Debug|Win32
		{54C34A64-CE2E-40F9-9198-2585091C3639}.Release|x64.ActiveCfg = Release|x64
		{54C34A64-CE2E-40F9-9198-2585091C3639}.Release|x64.Build.0 = Release|x64
		{54C34A64-CE2E-40F9-9198-2585091C3639}.Release|x86.ActiveCfg = Release|Win32
		{54C34A64-CE2E-40F9-9198-2585091C3639}.Release|x86.Build.0 = Release|Win32
		{E2FFB426-4E62-4670-AE3C-C59DB2024BFB}.Debug|x64.ActiveCfg = Debug|x64
		{E2FFB426-4E62-4670-AE3C-C59DB2024BFB}.Debug|x64.Build.0 = Debug|x64
		{E2FFB426-4E62-4670-AE3C-C59DB2024BFB}.Debug|x86.ActiveCfg = Debug|Win32
		{E2FFB426-4E62-4670-AE3C-C59DB2024BFB}.Debug|x86.Build.0 = Debug|Win32
		{E2FFB426-4E62-4670-AE3C-C59DB2024BFB}.Release|x64.ActiveCfg = Release|x64
		{E2FFB426-4E62-4670-AE3C-C59DB2024BFB}.Release|x64.Build.0 = Release|x64
		{E2FFB426-4E62-4670-AE3C-C59DB2024BFB}.Release|x86.ActiveCfg = Release|Win32
		{E2FFB426-4E62-4670-AE3C-C59DB2024BFB}.Release|x86.Build.0 = Release|Win32
		{CA6CDCBA-D568-4ED4-B077-0C8A419232C6}.Debug|x64.ActiveCfg = Debug|x64
		{CA6CDCBA-D568-4ED4-B077-0C8A419232C6}.Debug|x64.Build.0 = Debug|x64
		{CA6CDCBA-D568-4ED4-B077-0C8A419232C6}.Debug|x86.ActiveCfg = Debug|Win32
		{CA6CDCBA-D568-4ED4-B077-0C8A419232C6}.Debug|x86.Build.0 = Debug|Win32
		{CA6CDCBA-D568-4ED4-B077-0C8A419232C6}.Release|x64.ActiveCfg = Release|x64
		{CA6CDCBA-D568-4ED4-B077-0C8A419232C6}.Release|x64.Build.0 = Release|x64
		{CA6CDCBA-D568-4ED4-B077-0C8A419232C6}.Release|x86.ActiveCfg = Release|Win32
		{CA6CDCBA-D568-4ED4-B077-0C8A419232C6}.Release|x86.Build.0 = Release|Win32
		{26D3B593-0A9F-455C-A4BD-31643F60994D}.Debug|x64.ActiveCfg = Debug|x64
		{26D3B593-0A9F-455C-A4BD-31643F60994D}.Debug|x64.Build.0 = Debug|x64
		{26D3B593-0A9F-455C-A4BD-31643F60994D}.Debug|x86.ActiveCfg = Debug|Win32
		{26D3B593-0A9F-455C-A4BD-31643F60994D}.Debug|x86.Build.0 = Debug|Win32
		{26D3B593-0A9F-455C-A4BD-31643F60994D}.Release|x64.ActiveCfg = Release|x64
		{26D3B593-0A9F-455C-A4BD-31643F60994D}.Release|x64.Build.0 = Release|x64
		{26D3B593-0A9F-455C-A4BD-31643F60994D}.Release|x86.ActiveCfg = Release|Win32
		{26D3B593-0A9F-455C-A4BD-31643F60994D}.Release|x86.Build.0 = Release|Win32
		{979A6689-4F8D-4324-BDF0-C7322FE43640}.Debug|x64.ActiveCfg = Debug|x64
		{979A6689-4F8D-4324-BDF0-C7322FE43640}.Debug|x64.Build.0 = Debug|x64
		{979A6689-4F8D-4324-BDF0-C7322FE43640}.Debug|x86.ActiveCfg = Debug|Win32
		{979A6689-4F8D-4324-BDF0-C7322FE43640}.Debug|x86.Build.0 = Debug|Win32
		{979A6689-4F8D-4324-BDF0-C7322FE43640}.Release|x64.ActiveCfg = Release|x64
		{979A6689-4F8D-4324-BDF0-C7322FE43640}.Release|x64.Build.0 = Release|x64
		{979A6689-4F8D-4324-BDF0-C7322FE43640}.Release|x86.ActiveCfg = Release|Win32
		{979A6689-4F8D-4324-BDF0-C7322FE43640}.Release|x86.Build.0 = Release|Win32
		{3F7BA6AE-4D84-45B6-9B12-A8CF689F2F51}.Debug|x64.ActiveCfg = Debug|x64
		{3F7BA6AE-4D84-45B6-9B12-A8CF689F2F51}.Debug|x64.Build.0 = Debug|x64
		{3F7BA6AE-4D84-45B6-9B12-A8CF689F2F51}.Debug|x86.ActiveCfg = Debug|Win32
		{3F7BA6AE-4D84-45B6-9B12-A8CF689F2F51}.Debug|x86.Build.0 = Debug|Win32
		{3F7BA6AE-4D84-45B6-9B12-A8CF689F2F51}.Release|x64.ActiveCfg = Release|x64
		{3F7BA6AE-4D84-45B6-9B12-A8CF689F2F51}.Release|x64.Build.0 = Release|x64
		{3F7BA6AE-4D84-45B6-9B12-A8CF689F2F51}.Release|x86.ActiveCfg = Release|Win32
		{3F7BA6AE-4D84-45B6-9B12-A8CF689F2F51}.Release|x86.Build.0 = Release|Win32
		{6FECDEC7-DF6C-4551-8276-8ED923F6A232}.Debug|x64.ActiveCfg = Debug|x64
		{6FECDEC7-DF6C-4551-8276-8ED923F6A232}.Debug|x64.Build.0 = Debug|x64
		{6FECDEC7-DF6C-4551-8276-8ED923F6A232}.Debug|x86.ActiveCfg = Debug|Win32
		{6FECDEC7-DF6C-4551-8276-8ED923F6A232}.Debug|x86.Build.0 = Debug|Win32
		{6FECDEC7-DF6C-4551-8276-8ED923F6A232}.Release|x64.ActiveCfg = Release|x64
		{6FECDEC7-DF6C-4551-8276-8ED923F6A232}.Release|x64.Build.0 = Release|x64
		{6FECDEC7-DF6C-4551-8276-8ED923F6A232}.Release|x86.ActiveCfg = Release|Win32
		{6FECDEC7-DF6C-4551-8276-8ED923F6A232}.Release|x86.Build.0 = Release|Win32
		{DA673502-C2B4-40BF-85B8-CA9139B33F54}.Debug|x64.ActiveCfg = Debug|x64
		{DA673502-C2B4-40BF-85B8-CA9139B33F54}.Debug|x64.Build.0 = Debug|x64
		{DA673502-C2B4-40BF-85B8-CA9139B33F54}.Debug|x86.ActiveCfg = Debug|Win32
		{DA673502-C2B4-40BF-85B8-CA9139B33F54}.Debug|x86.Build.0 = Debug|Win32
		{DA673502-C2B4-40BF-85B8-CA9139B33F54}.Release|x64.ActiveCfg = Release|x64
		{DA673502-C2B4-40BF-85B8-CA9139B33F54}.Release|x64.Build.0 = Release|x64
		{DA673502-C2B4-40BF-85B8-CA9139B33F54}.Release|x86.ActiveCfg = Release|Win32
		{DA673502-C2B4-40BF-85B8-CA9139B33F54}.Release|x86.Build.0 = Release|Win32
		{1906AAE3-6FE9-43B4-A9C9-6BCF792C76A4}.Debug|x64.ActiveCfg = Debug|x64
		{1906AAE3-6FE9-43B4-A9C9-6BCF792C76A4}.Debug|x64.Build.0 = Debug|x64
		{1906AAE3-6FE9-43B4-A9C9-6BCF792C76A4}.Debug|x86.ActiveCfg = Debug|Win32
		{1906AAE3-6FE9-43B4-A9C9-6BCF792C76A4}.Debug|x86.Build.0 = Debug|Win32
		{1906AAE3-6FE9-43B4-A9C9-6BCF792C76A4}.Release|x64.ActiveCfg = Release|x64
		{1906AAE3-6FE9-43B4-A9C9-6BCF792C76A4}.Release|x64.Build.0 = Release|x64
		{1906AAE3-6FE9-43B4-A9C9-6BCF792C76A4}.Release|x86.ActiveCfg = Release|Win32
		{1906AAE3-6FE9-43B4-A9C9-6BCF792C76A4}.Release|x86.Build.0 = Release|Win32
		{E05B88AC-F913-43CC-8CEC-D096AABD906E}.Debug|x64.ActiveCfg = Debug|x64
		{E05B88AC-F913-43CC-8CEC-D096AABD906E}.Debug|x64.Build.0 = Debug|x64
		{E05B88AC-F913-43CC-8CEC-D096AABD906E}.Debug|x86.ActiveCfg = Debug|Win32
		{E05B88AC-F913-43CC-8CEC-D096AABD906E}.Debug|x86.Build.0 = Debug|Win32
		{E05B88AC-F913-43CC-8CEC-D096AABD906E}.Release|x64.ActiveCfg = Release|x64
		{E05B88AC-F913-43CC-8CEC-D096AABD906E}.Release|x64.Build.0 = Release|x64
		{E05B88AC-F913-43CC-8CEC-D096AABD906E}.Release|x86.ActiveCfg = Release|Win32
		{E05B88AC-F913-43CC-8CEC-D096AABD906E}.Release|x86.Build.0 = Release|Win32
		{6E12C5CD-4F75-4367-BEB7-72E2F8A1942F}.Debug|x64.ActiveCfg = Debug|x64
		{6E12C5CD-4F75-4367-BEB7-72E2F8A1942F}.Debug|x64.Build.0 = Debug|x64
		{6E12C5CD-4F75-4367-BEB7-72E2F8A1942F}.Debug|x86.ActiveCfg = Debug|Win32
		{6E12C5CD-4F75-4367-BEB7-72E2F8A1942F}.Debug|x86.Build.0 = Debug|Win32
		{6E12C5CD-4F75-4367-BEB7-72E2F8A1942F}.Release|x64.ActiveCfg = Release|x64
		{6E12C5CD-4F75-4367-BEB7-72E2F8A1942F}.Release|x64.Build.0 = Release|x64
		{6E12C5CD-4F75-4367-BEB7-72E2F8A1942F}.Release|x86.ActiveCfg = Release|Win32
		{6E12C5CD-4F75-4367-BEB7-72E2F8A1942F}.Release|x86.Build.0 = Release|Win32
		{0498C091-0E67-40CB-A5B6-9E16768F39F7}.Debug|x64.ActiveCfg = Debug|x64
		{0498C091-0E67-40CB-A5B6-9E16768F39F7}.Debug|x64.Build.0 = Debug|x64
		{0498C091-0E67-40CB-A5B6-9E16768F39F7}.Debug|x86.ActiveCfg = Debug|Win32
		{0498C091-0E67-40CB-A5B6-9E16768F39F7}.Debug|x86.Build.0 = Debug|Win32
		{0498C091-0E67-40CB-A5B6-9E16768F39F7}.Release|x64.ActiveCfg = Release|x64
		{0498C091-0E67-40CB-A5B6-9E16768F39F7}.Release|x64.Build.0 = Release|x64
		{0498C091-0E67-40CB-A5B6-9E16768F39F7}.Release|x86.ActiveCfg = Release|Win32
		{0498C091-0E67-40CB-A5B6-9E16768F39F7}.Release|x86.Build.0 = Release|Win32
		{7B0BF78B-75D7-44A5-8331-87DF117F6379}.Debug|x64.ActiveCfg = Debug|x64
		{7B0BF78B-75D7-44A5-8331-87DF117F6379}.Debug|x64.Build.0 = Debug|x64
		{7B0BF78B-75D7-44A5-8331-87DF117F6379}.Debug|x86.ActiveCfg = Debug|Win32
		{7B0BF78B-75D7-44A5-8331-87DF117F6379}.Debug|x86.Build.0 = Debug|Win32
		{7B0BF78B-75D7-44A5-8331-87DF117F6379}.Release|x64.ActiveCfg = Release|x64
		{7B0BF78B-75D7-44A5-8331-87DF117F6379}.Release|x64.Build.0 = Release|x64
		{7B0BF78B-75D7-44A5-8331-87DF117F6379}.Release|x86.ActiveCfg = Release|Win32
		{7B0BF78B-75D7-44A5-8331-87DF117F6379}.Release|x86.Build.0 = Release|Win32
	EndGlobalSection
	GlobalSection(SolutionProperties) = preSolution
		HideSolutionNode = FALSE
	EndGlobalSection
	GlobalSection(NestedProjects) = preSolution
		{DDC45B92-EF5A-49B9-98BA-7B38A6B988AB} = {B76B635D-F1C8-4C90-A598-7C42ED4C6750}
		{7FE9BF9C-091F-410A-A5D4-2F1C42ECEAC3} = {B76B635D-F1C8-4C90-A598-7C42ED4C6750}
		{621D24FF-23B1-459F-894A-7901CEBE873E} = {C1DC1719-C46A-4C2E-8619-8D656E0DD8FE}
		{B2FB83D2-5A34-4643-9221-70B370313404} = {B76B635D-F1C8-4C90-A598-7C42ED4C6750}
		{D9384778-4F4F-4A00-95CB-941756DFFB2B} = {DDC45B92-EF5A-49B9-98BA-7B38A6B988AB}
		{15AC389B-B451-41B6-A15E-397CDDAC21DE} = {DDC45B92-EF5A-49B9-98BA-7B38A6B988AB}
		{18C1DCC2-6AB4-4E0D-9406-D6EB8E0EFCF4} = {DDC45B92-EF5A-49B9-98BA-7B38A6B988AB}
		{823BFFC7-FC33-425B-8472-05275580B9AE} = {DDC45B92-EF5A-49B9-98BA-7B38A6B988AB}
		{72F4141E-F638-492F-9921-F8776A05998A} = {DDC45B92-EF5A-49B9-98BA-7B38A6B988AB}
		{CB8940C0-8802-4032-8007-E657C4BF1F3B} = {7FE9BF9C-091F-410A-A5D4-2F1C42ECEAC3}
		{A8C68820-5947-4636-B7F6-D4AB5B653FD9} = {B2FB83D2-5A34-4643-9221-70B370313404}
		{E7D0B72C-0D94-4393-BE1D-14B2BFA36340} = {B76B635D-F1C8-4C90-A598-7C42ED4C6750}
		{6CCE9500-FCC5-4430-BC97-4E3B2B62471F} = {E7D0B72C-0D94-4393-BE1D-14B2BFA36340}
		{F5FAD41D-7048-4B69-BA15-7F69CBE67833} = {B76B635D-F1C8-4C90-A598-7C42ED4C6750}
		{CE1F8292-E174-4370-AE42-66EA534B66B7} = {F5FAD41D-7048-4B69-BA15-7F69CBE67833}
		{00560BCD-BE8B-43C9-ABB4-A9C97F919250} = {B76B635D-F1C8-4C90-A598-7C42ED4C6750}
		{9339C170-7B1A-4C63-A89E-A708D8E76641} = {00560BCD-BE8B-43C9-ABB4-A9C97F919250}
		{30DF22BE-92B4-4EBD-AB5B-5DA6E74F451D} = {B76B635D-F1C8-4C90-A598-7C42ED4C6750}
		{DC3ADBAD-C914-450F-B437-E7C97B83CD99} = {30DF22BE-92B4-4EBD-AB5B-5DA6E74F451D}
		{DE6DC720-3902-48EA-83B3-72FB14F703BB} = {30DF22BE-92B4-4EBD-AB5B-5DA6E74F451D}
		{F9C5C400-2E2F-405A-B9EB-3C68AEC1C031} = {B76B635D-F1C8-4C90-A598-7C42ED4C6750}
		{C96F8D7B-DC9B-4409-A51E-B8B6A9C26217} = {F9C5C400-2E2F-405A-B9EB-3C68AEC1C031}
		{8EE4A0E8-D79E-4C21-9361-B75FA88744D8} = {F9C5C400-2E2F-405A-B9EB-3C68AEC1C031}
		{2FB23A7A-1B1E-41E2-9BE1-5FBF1B9FEFB4} = {4667C50D-73EF-4AB3-A5B8-2A8320B1D103}
		{168F7E96-B6C7-404F-9A0D-177959D96846} = {2FB23A7A-1B1E-41E2-9BE1-5FBF1B9FEFB4}
		{E4CF442D-E376-46C0-952D-C323D03B4D5B} = {4667C50D-73EF-4AB3-A5B8-2A8320B1D103}
		{61CDD221-A783-4B99-BF3F-E3BF5A6F1B72} = {E4CF442D-E376-46C0-952D-C323D03B4D5B}
		{1D167DCD-9FDD-4878-BEC2-7C54F6F83DF5} = {4667C50D-73EF-4AB3-A5B8-2A8320B1D103}
		{3088F6D5-37C9-4D39-A42B-8E38639C2A04} = {1D167DCD-9FDD-4878-BEC2-7C54F6F83DF5}
		{5BFDD2C4-0620-448D-B960-183EBD291502} = {4667C50D-73EF-4AB3-A5B8-2A8320B1D103}
		{54C34A64-CE2E-40F9-9198-2585091C3639} = {5BFDD2C4-0620-448D-B960-183EBD291502}
		{E2FFB426-4E62-4670-AE3C-C59DB2024BFB} = {5BFDD2C4-0620-448D-B960-183EBD291502}
		{5C8426CF-3C2E-4CAE-A89E-700ACB76F855} = {4667C50D-73EF-4AB3-A5B8-2A8320B1D103}
		{CA6CDCBA-D568-4ED4-B077-0C8A419232C6} = {5C8426CF-3C2E-4CAE-A89E-700ACB76F855}
		{26D3B593-0A9F-455C-A4BD-31643F60994D} = {470C515C-1215-4511-86C6-5186C9F4FB83}
		{470C515C-1215-4511-86C6-5186C9F4FB83} = {4667C50D-73EF-4AB3-A5B8-2A8320B1D103}
		{40678909-E546-48B0-AE67-D77193EF3959} = {4667C50D-73EF-4AB3-A5B8-2A8320B1D103}
		{979A6689-4F8D-4324-BDF0-C7322FE43640} = {40678909-E546-48B0-AE67-D77193EF3959}
		{CBFB99C6-3F44-4654-9260-DF91C035C619} = {4667C50D-73EF-4AB3-A5B8-2A8320B1D103}
		{3F7BA6AE-4D84-45B6-9B12-A8CF689F2F51} = {CBFB99C6-3F44-4654-9260-DF91C035C619}
		{C663111D-29D6-4C3F-B53C-49C8096FAF6D} = {4667C50D-73EF-4AB3-A5B8-2A8320B1D103}
		{6FECDEC7-DF6C-4551-8276-8ED923F6A232} = {C663111D-29D6-4C3F-B53C-49C8096FAF6D}
		{DA673502-C2B4-40BF-85B8-CA9139B33F54} = {C663111D-29D6-4C3F-B53C-49C8096FAF6D}
		{36B2C3DD-8892-42B4-8EA5-3E2BAEA2AA61} = {4667C50D-73EF-4AB3-A5B8-2A8320B1D103}
		{1906AAE3-6FE9-43B4-A9C9-6BCF792C76A4} = {36B2C3DD-8892-42B4-8EA5-3E2BAEA2AA61}
		{3D7B0512-BDE9-40AC-A7EE-639582085A04} = {4667C50D-73EF-4AB3-A5B8-2A8320B1D103}
		{E05B88AC-F913-43CC-8CEC-D096AABD906E} = {3D7B0512-BDE9-40AC-A7EE-639582085A04}
		{6281FB85-70D3-4C4A-B0DB-1D80F91E2C83} = {4667C50D-73EF-4AB3-A5B8-2A8320B1D103}
		{6E12C5CD-4F75-4367-BEB7-72E2F8A1942F} = {6281FB85-70D3-4C4A-B0DB-1D80F91E2C83}
		{0498C091-0E67-40CB-A5B6-9E16768F39F7} = {B2FB83D2-5A34-4643-9221-70B370313404}
		{7B0BF78B-75D7-44A5-8331-87DF117F6379} = {D9978BFB-DBFC-495D-8D05-EDC73A29E176}
	EndGlobalSection
EndGlobal
